
Microsoft Visual Studio Solution File, Format Version 12.00
# Visual Studio Version 17
VisualStudioVersion = 17.7.34031.279
MinimumVisualStudioVersion = 10.0.40219.1
Project("{2150E333-8FDC-42A3-9474-1A3956D46DE8}") = "Services", "Services", "{5BB1B329-3458-455B-A093-8C6D61E72B91}"
EndProject
Project("{2150E333-8FDC-42A3-9474-1A3956D46DE8}") = "Catalog", "Catalog", "{11E5FB0F-D3FF-4756-AAD5-E25676CF6ADD}"
EndProject
Project("{9A19103F-16F7-4668-BE54-9A1E7A4F7556}") = "FreeCourse.Services.Catalog", "Services\Catalog\Course.Services.Catalog\FreeCourse.Services.Catalog.csproj", "{96DF071D-853C-4DE1-A804-1D2686CF8EFC}"
EndProject
Project("{2150E333-8FDC-42A3-9474-1A3956D46DE8}") = "Solution Items", "Solution Items", "{AEF996FC-6A6D-4453-A963-1F81CE799097}"
	ProjectSection(SolutionItems) = preProject
		Ports.txt = Ports.txt
	EndProjectSection
EndProject
Project("{2150E333-8FDC-42A3-9474-1A3956D46DE8}") = "Shared", "Shared", "{BF088366-62CB-40E0-9D46-BA98A2A7F521}"
EndProject
Project("{9A19103F-16F7-4668-BE54-9A1E7A4F7556}") = "FreeCourse.Shared", "Shared\Course.Shared\FreeCourse.Shared.csproj", "{EA7A94DE-3C1C-4234-BFD3-36DDBADDF2E7}"
EndProject
Project("{2150E333-8FDC-42A3-9474-1A3956D46DE8}") = "IdentityServer", "IdentityServer", "{622C188F-1D08-41B7-96DB-B38782EA4D2E}"
EndProject
Project("{9A19103F-16F7-4668-BE54-9A1E7A4F7556}") = "FreeCourse.IdentityServer", "IdentityServer\FreeCourse.IdentityServer\FreeCourse.IdentityServer.csproj", "{1B0DAA4C-5146-49EA-B0F8-79D28160C3D2}"
EndProject
Global
	GlobalSection(SolutionConfigurationPlatforms) = preSolution
		Debug|Any CPU = Debug|Any CPU
		Release|Any CPU = Release|Any CPU
	EndGlobalSection
	GlobalSection(ProjectConfigurationPlatforms) = postSolution
		{96DF071D-853C-4DE1-A804-1D2686CF8EFC}.Debug|Any CPU.ActiveCfg = Debug|Any CPU
		{96DF071D-853C-4DE1-A804-1D2686CF8EFC}.Debug|Any CPU.Build.0 = Debug|Any CPU
		{96DF071D-853C-4DE1-A804-1D2686CF8EFC}.Release|Any CPU.ActiveCfg = Release|Any CPU
		{96DF071D-853C-4DE1-A804-1D2686CF8EFC}.Release|Any CPU.Build.0 = Release|Any CPU
		{EA7A94DE-3C1C-4234-BFD3-36DDBADDF2E7}.Debug|Any CPU.ActiveCfg = Debug|Any CPU
		{EA7A94DE-3C1C-4234-BFD3-36DDBADDF2E7}.Debug|Any CPU.Build.0 = Debug|Any CPU
		{EA7A94DE-3C1C-4234-BFD3-36DDBADDF2E7}.Release|Any CPU.ActiveCfg = Release|Any CPU
		{EA7A94DE-3C1C-4234-BFD3-36DDBADDF2E7}.Release|Any CPU.Build.0 = Release|Any CPU
		{1B0DAA4C-5146-49EA-B0F8-79D28160C3D2}.Debug|Any CPU.ActiveCfg = Debug|Any CPU
		{1B0DAA4C-5146-49EA-B0F8-79D28160C3D2}.Debug|Any CPU.Build.0 = Debug|Any CPU
		{1B0DAA4C-5146-49EA-B0F8-79D28160C3D2}.Release|Any CPU.ActiveCfg = Release|Any CPU
		{1B0DAA4C-5146-49EA-B0F8-79D28160C3D2}.Release|Any CPU.Build.0 = Release|Any CPU
	EndGlobalSection
	GlobalSection(SolutionProperties) = preSolution
		HideSolutionNode = FALSE
	EndGlobalSection
	GlobalSection(NestedProjects) = preSolution
		{11E5FB0F-D3FF-4756-AAD5-E25676CF6ADD} = {5BB1B329-3458-455B-A093-8C6D61E72B91}
		{96DF071D-853C-4DE1-A804-1D2686CF8EFC} = {11E5FB0F-D3FF-4756-AAD5-E25676CF6ADD}
		{EA7A94DE-3C1C-4234-BFD3-36DDBADDF2E7} = {BF088366-62CB-40E0-9D46-BA98A2A7F521}
		{1B0DAA4C-5146-49EA-B0F8-79D28160C3D2} = {622C188F-1D08-41B7-96DB-B38782EA4D2E}
	EndGlobalSection
	GlobalSection(ExtensibilityGlobals) = postSolution
		SolutionGuid = {5F614352-AB6D-4109-ACBF-1371F1BC7CA8}
	EndGlobalSection
EndGlobal
