
Microsoft Visual Studio Solution File, Format Version 12.00
# Visual Studio Version 17
VisualStudioVersion = 17.7.34031.279
MinimumVisualStudioVersion = 10.0.40219.1
Project("{2150E333-8FDC-42A3-9474-1A3956D46DE8}") = "Services", "Services", "{5BB1B329-3458-455B-A093-8C6D61E72B91}"
EndProject
Project("{2150E333-8FDC-42A3-9474-1A3956D46DE8}") = "Catalog", "Catalog", "{11E5FB0F-D3FF-4756-AAD5-E25676CF6ADD}"
EndProject
Project("{9A19103F-16F7-4668-BE54-9A1E7A4F7556}") = "FreeCourse.Services.Catalog", "Services\Catalog\Course.Services.Catalog\FreeCourse.Services.Catalog.csproj", "{96DF071D-853C-4DE1-A804-1D2686CF8EFC}"
EndProject
Project("{2150E333-8FDC-42A3-9474-1A3956D46DE8}") = "Solution Items", "Solution Items", "{AEF996FC-6A6D-4453-A963-1F81CE799097}"
	ProjectSection(SolutionItems) = preProject
		Ports.txt = Ports.txt
	EndProjectSection
EndProject
Project("{2150E333-8FDC-42A3-9474-1A3956D46DE8}") = "Shared", "Shared", "{BF088366-62CB-40E0-9D46-BA98A2A7F521}"
EndProject
Project("{9A19103F-16F7-4668-BE54-9A1E7A4F7556}") = "FreeCourse.Shared", "Shared\Course.Shared\FreeCourse.Shared.csproj", "{EA7A94DE-3C1C-4234-BFD3-36DDBADDF2E7}"
EndProject
Project("{2150E333-8FDC-42A3-9474-1A3956D46DE8}") = "IdentityServer", "IdentityServer", "{622C188F-1D08-41B7-96DB-B38782EA4D2E}"
EndProject
Project("{9A19103F-16F7-4668-BE54-9A1E7A4F7556}") = "FreeCourse.IdentityServer", "IdentityServer\FreeCourse.IdentityServer\FreeCourse.IdentityServer.csproj", "{1B0DAA4C-5146-49EA-B0F8-79D28160C3D2}"
EndProject
Project("{2150E333-8FDC-42A3-9474-1A3956D46DE8}") = "PhotoStock", "PhotoStock", "{F344002A-AA8C-4585-8CEB-CFEED348462E}"
EndProject
Project("{9A19103F-16F7-4668-BE54-9A1E7A4F7556}") = "FreeCourse.Services.PhotoStock", "Services\PhotoStock\FreeCourse.Services.PhotoStock\FreeCourse.Services.PhotoStock.csproj", "{47697200-5A15-4C23-9733-F3436CD2CEF2}"
EndProject
Project("{2150E333-8FDC-42A3-9474-1A3956D46DE8}") = "Basket", "Basket", "{41285FA4-9FEF-49F2-AF20-163B02909C1F}"
EndProject
Project("{9A19103F-16F7-4668-BE54-9A1E7A4F7556}") = "FreeCourse.Services.Basket", "Services\Basket\FreeCourse.Services.Basket\FreeCourse.Services.Basket.csproj", "{5E80F26C-BBDE-4BB2-A2A9-EF98CFA75A2D}"
EndProject
Project("{2150E333-8FDC-42A3-9474-1A3956D46DE8}") = "Discount", "Discount", "{DB13B9AD-6FE9-40A2-9EB5-E60E1375D9B0}"
EndProject
Project("{9A19103F-16F7-4668-BE54-9A1E7A4F7556}") = "FreeCourse.Services.Discount", "Services\Discount\FreeCourse.Services.Discount\FreeCourse.Services.Discount.csproj", "{CD19C86B-16FB-4CB5-B692-D13BD171AE80}"
EndProject
Project("{2150E333-8FDC-42A3-9474-1A3956D46DE8}") = "Order", "Order", "{66FA15D0-6CF3-4801-8F09-CBC5D4203BDB}"
EndProject
Project("{9A19103F-16F7-4668-BE54-9A1E7A4F7556}") = "FreeCourse.Services.Order.API", "Services\Order\FreeCourse.Services.Order.API\FreeCourse.Services.Order.API.csproj", "{8F91AAAD-5EB4-44CE-B31F-896D1B6FCF1C}"
EndProject
Project("{9A19103F-16F7-4668-BE54-9A1E7A4F7556}") = "FreeCourse.Services.Order.Application", "Services\Order\FreeCourse.Services.Order.Application\FreeCourse.Services.Order.Application.csproj", "{CDED6426-1E7E-45F6-A263-90662BAEB467}"
EndProject
Project("{9A19103F-16F7-4668-BE54-9A1E7A4F7556}") = "FreeCourse.Services.Order.Domain", "Services\Order\FreeCourse.Services.Order.Domain\FreeCourse.Services.Order.Domain.csproj", "{07E958DB-96B8-4ED7-B55C-66FB444D3B73}"
EndProject
Project("{9A19103F-16F7-4668-BE54-9A1E7A4F7556}") = "FreeCourse.Services.Order.Domain.Core", "Services\Order\FreeCourse.Services.Order.Domain.Core\FreeCourse.Services.Order.Domain.Core.csproj", "{F4CF7A23-A949-4E3A-B0A8-E2D193B679E1}"
EndProject
Project("{9A19103F-16F7-4668-BE54-9A1E7A4F7556}") = "FreeCourse.Services.Order.Infrastructure", "Services\Order\FreeCourse.Services.Order.Infrastructure\FreeCourse.Services.Order.Infrastructure.csproj", "{8F2F7380-550F-4A32-8B92-93E19BA6A26D}"
EndProject
Project("{2150E333-8FDC-42A3-9474-1A3956D46DE8}") = "FakePayment", "FakePayment", "{67012688-4934-450A-8A5F-B9702751FE1E}"
EndProject
Project("{9A19103F-16F7-4668-BE54-9A1E7A4F7556}") = "FreeCourse.Services.FakePayment", "Services\FakePayment\FreeCourse.Services.FakePayment\FreeCourse.Services.FakePayment.csproj", "{1A71CD6F-7DE6-471D-832A-A91463BEA415}"
EndProject
Project("{2150E333-8FDC-42A3-9474-1A3956D46DE8}") = "Gateways", "Gateways", "{8B262382-C141-4AE8-AC10-AC6453B6BC5D}"
EndProject
Project("{9A19103F-16F7-4668-BE54-9A1E7A4F7556}") = "FreeCourse.Gateway", "Gateways\FreeCourse.Gateway\FreeCourse.Gateway.csproj", "{F3A783D6-0B56-4FBF-8C03-9B6328A1ADF7}"
EndProject
Project("{2150E333-8FDC-42A3-9474-1A3956D46DE8}") = "Frontends", "Frontends", "{F8AE075B-4524-444E-8FC4-5A86D7D6D409}"
EndProject
Project("{FAE04EC0-301F-11D3-BF4B-00C04F79EFBC}") = "FreeCourse.Web", "Frontends\FreeCourse.Web\FreeCourse.Web.csproj", "{19CCB47A-C0E5-4F88-8500-DFCBA1C3E7FC}"
EndProject
Global
	GlobalSection(SolutionConfigurationPlatforms) = preSolution
		Debug|Any CPU = Debug|Any CPU
		Release|Any CPU = Release|Any CPU
	EndGlobalSection
	GlobalSection(ProjectConfigurationPlatforms) = postSolution
		{96DF071D-853C-4DE1-A804-1D2686CF8EFC}.Debug|Any CPU.ActiveCfg = Debug|Any CPU
		{96DF071D-853C-4DE1-A804-1D2686CF8EFC}.Debug|Any CPU.Build.0 = Debug|Any CPU
		{96DF071D-853C-4DE1-A804-1D2686CF8EFC}.Release|Any CPU.ActiveCfg = Release|Any CPU
		{96DF071D-853C-4DE1-A804-1D2686CF8EFC}.Release|Any CPU.Build.0 = Release|Any CPU
		{EA7A94DE-3C1C-4234-BFD3-36DDBADDF2E7}.Debug|Any CPU.ActiveCfg = Debug|Any CPU
		{EA7A94DE-3C1C-4234-BFD3-36DDBADDF2E7}.Debug|Any CPU.Build.0 = Debug|Any CPU
		{EA7A94DE-3C1C-4234-BFD3-36DDBADDF2E7}.Release|Any CPU.ActiveCfg = Release|Any CPU
		{EA7A94DE-3C1C-4234-BFD3-36DDBADDF2E7}.Release|Any CPU.Build.0 = Release|Any CPU
		{1B0DAA4C-5146-49EA-B0F8-79D28160C3D2}.Debug|Any CPU.ActiveCfg = Debug|Any CPU
		{1B0DAA4C-5146-49EA-B0F8-79D28160C3D2}.Debug|Any CPU.Build.0 = Debug|Any CPU
		{1B0DAA4C-5146-49EA-B0F8-79D28160C3D2}.Release|Any CPU.ActiveCfg = Release|Any CPU
		{1B0DAA4C-5146-49EA-B0F8-79D28160C3D2}.Release|Any CPU.Build.0 = Release|Any CPU
		{47697200-5A15-4C23-9733-F3436CD2CEF2}.Debug|Any CPU.ActiveCfg = Debug|Any CPU
		{47697200-5A15-4C23-9733-F3436CD2CEF2}.Debug|Any CPU.Build.0 = Debug|Any CPU
		{47697200-5A15-4C23-9733-F3436CD2CEF2}.Release|Any CPU.ActiveCfg = Release|Any CPU
		{47697200-5A15-4C23-9733-F3436CD2CEF2}.Release|Any CPU.Build.0 = Release|Any CPU
		{5E80F26C-BBDE-4BB2-A2A9-EF98CFA75A2D}.Debug|Any CPU.ActiveCfg = Debug|Any CPU
		{5E80F26C-BBDE-4BB2-A2A9-EF98CFA75A2D}.Debug|Any CPU.Build.0 = Debug|Any CPU
		{5E80F26C-BBDE-4BB2-A2A9-EF98CFA75A2D}.Release|Any CPU.ActiveCfg = Release|Any CPU
		{5E80F26C-BBDE-4BB2-A2A9-EF98CFA75A2D}.Release|Any CPU.Build.0 = Release|Any CPU
		{CD19C86B-16FB-4CB5-B692-D13BD171AE80}.Debug|Any CPU.ActiveCfg = Debug|Any CPU
		{CD19C86B-16FB-4CB5-B692-D13BD171AE80}.Debug|Any CPU.Build.0 = Debug|Any CPU
		{CD19C86B-16FB-4CB5-B692-D13BD171AE80}.Release|Any CPU.ActiveCfg = Release|Any CPU
		{CD19C86B-16FB-4CB5-B692-D13BD171AE80}.Release|Any CPU.Build.0 = Release|Any CPU
		{8F91AAAD-5EB4-44CE-B31F-896D1B6FCF1C}.Debug|Any CPU.ActiveCfg = Debug|Any CPU
		{8F91AAAD-5EB4-44CE-B31F-896D1B6FCF1C}.Debug|Any CPU.Build.0 = Debug|Any CPU
		{8F91AAAD-5EB4-44CE-B31F-896D1B6FCF1C}.Release|Any CPU.ActiveCfg = Release|Any CPU
		{8F91AAAD-5EB4-44CE-B31F-896D1B6FCF1C}.Release|Any CPU.Build.0 = Release|Any CPU
		{CDED6426-1E7E-45F6-A263-90662BAEB467}.Debug|Any CPU.ActiveCfg = Debug|Any CPU
		{CDED6426-1E7E-45F6-A263-90662BAEB467}.Debug|Any CPU.Build.0 = Debug|Any CPU
		{CDED6426-1E7E-45F6-A263-90662BAEB467}.Release|Any CPU.ActiveCfg = Release|Any CPU
		{CDED6426-1E7E-45F6-A263-90662BAEB467}.Release|Any CPU.Build.0 = Release|Any CPU
		{07E958DB-96B8-4ED7-B55C-66FB444D3B73}.Debug|Any CPU.ActiveCfg = Debug|Any CPU
		{07E958DB-96B8-4ED7-B55C-66FB444D3B73}.Debug|Any CPU.Build.0 = Debug|Any CPU
		{07E958DB-96B8-4ED7-B55C-66FB444D3B73}.Release|Any CPU.ActiveCfg = Release|Any CPU
		{07E958DB-96B8-4ED7-B55C-66FB444D3B73}.Release|Any CPU.Build.0 = Release|Any CPU
		{F4CF7A23-A949-4E3A-B0A8-E2D193B679E1}.Debug|Any CPU.ActiveCfg = Debug|Any CPU
		{F4CF7A23-A949-4E3A-B0A8-E2D193B679E1}.Debug|Any CPU.Build.0 = Debug|Any CPU
		{F4CF7A23-A949-4E3A-B0A8-E2D193B679E1}.Release|Any CPU.ActiveCfg = Release|Any CPU
		{F4CF7A23-A949-4E3A-B0A8-E2D193B679E1}.Release|Any CPU.Build.0 = Release|Any CPU
		{8F2F7380-550F-4A32-8B92-93E19BA6A26D}.Debug|Any CPU.ActiveCfg = Debug|Any CPU
		{8F2F7380-550F-4A32-8B92-93E19BA6A26D}.Debug|Any CPU.Build.0 = Debug|Any CPU
		{8F2F7380-550F-4A32-8B92-93E19BA6A26D}.Release|Any CPU.ActiveCfg = Release|Any CPU
		{8F2F7380-550F-4A32-8B92-93E19BA6A26D}.Release|Any CPU.Build.0 = Release|Any CPU
		{1A71CD6F-7DE6-471D-832A-A91463BEA415}.Debug|Any CPU.ActiveCfg = Debug|Any CPU
		{1A71CD6F-7DE6-471D-832A-A91463BEA415}.Debug|Any CPU.Build.0 = Debug|Any CPU
		{1A71CD6F-7DE6-471D-832A-A91463BEA415}.Release|Any CPU.ActiveCfg = Release|Any CPU
		{1A71CD6F-7DE6-471D-832A-A91463BEA415}.Release|Any CPU.Build.0 = Release|Any CPU
		{F3A783D6-0B56-4FBF-8C03-9B6328A1ADF7}.Debug|Any CPU.ActiveCfg = Debug|Any CPU
		{F3A783D6-0B56-4FBF-8C03-9B6328A1ADF7}.Debug|Any CPU.Build.0 = Debug|Any CPU
		{F3A783D6-0B56-4FBF-8C03-9B6328A1ADF7}.Release|Any CPU.ActiveCfg = Release|Any CPU
		{F3A783D6-0B56-4FBF-8C03-9B6328A1ADF7}.Release|Any CPU.Build.0 = Release|Any CPU
		{19CCB47A-C0E5-4F88-8500-DFCBA1C3E7FC}.Debug|Any CPU.ActiveCfg = Debug|Any CPU
		{19CCB47A-C0E5-4F88-8500-DFCBA1C3E7FC}.Debug|Any CPU.Build.0 = Debug|Any CPU
		{19CCB47A-C0E5-4F88-8500-DFCBA1C3E7FC}.Release|Any CPU.ActiveCfg = Release|Any CPU
		{19CCB47A-C0E5-4F88-8500-DFCBA1C3E7FC}.Release|Any CPU.Build.0 = Release|Any CPU
	EndGlobalSection
	GlobalSection(SolutionProperties) = preSolution
		HideSolutionNode = FALSE
	EndGlobalSection
	GlobalSection(NestedProjects) = preSolution
		{11E5FB0F-D3FF-4756-AAD5-E25676CF6ADD} = {5BB1B329-3458-455B-A093-8C6D61E72B91}
		{96DF071D-853C-4DE1-A804-1D2686CF8EFC} = {11E5FB0F-D3FF-4756-AAD5-E25676CF6ADD}
		{EA7A94DE-3C1C-4234-BFD3-36DDBADDF2E7} = {BF088366-62CB-40E0-9D46-BA98A2A7F521}
		{1B0DAA4C-5146-49EA-B0F8-79D28160C3D2} = {622C188F-1D08-41B7-96DB-B38782EA4D2E}
		{F344002A-AA8C-4585-8CEB-CFEED348462E} = {5BB1B329-3458-455B-A093-8C6D61E72B91}
		{47697200-5A15-4C23-9733-F3436CD2CEF2} = {F344002A-AA8C-4585-8CEB-CFEED348462E}
		{41285FA4-9FEF-49F2-AF20-163B02909C1F} = {5BB1B329-3458-455B-A093-8C6D61E72B91}
		{5E80F26C-BBDE-4BB2-A2A9-EF98CFA75A2D} = {41285FA4-9FEF-49F2-AF20-163B02909C1F}
		{DB13B9AD-6FE9-40A2-9EB5-E60E1375D9B0} = {5BB1B329-3458-455B-A093-8C6D61E72B91}
		{CD19C86B-16FB-4CB5-B692-D13BD171AE80} = {DB13B9AD-6FE9-40A2-9EB5-E60E1375D9B0}
		{66FA15D0-6CF3-4801-8F09-CBC5D4203BDB} = {5BB1B329-3458-455B-A093-8C6D61E72B91}
		{8F91AAAD-5EB4-44CE-B31F-896D1B6FCF1C} = {66FA15D0-6CF3-4801-8F09-CBC5D4203BDB}
		{CDED6426-1E7E-45F6-A263-90662BAEB467} = {66FA15D0-6CF3-4801-8F09-CBC5D4203BDB}
		{07E958DB-96B8-4ED7-B55C-66FB444D3B73} = {66FA15D0-6CF3-4801-8F09-CBC5D4203BDB}
		{F4CF7A23-A949-4E3A-B0A8-E2D193B679E1} = {66FA15D0-6CF3-4801-8F09-CBC5D4203BDB}
		{8F2F7380-550F-4A32-8B92-93E19BA6A26D} = {66FA15D0-6CF3-4801-8F09-CBC5D4203BDB}
		{67012688-4934-450A-8A5F-B9702751FE1E} = {5BB1B329-3458-455B-A093-8C6D61E72B91}
		{1A71CD6F-7DE6-471D-832A-A91463BEA415} = {67012688-4934-450A-8A5F-B9702751FE1E}
		{F3A783D6-0B56-4FBF-8C03-9B6328A1ADF7} = {8B262382-C141-4AE8-AC10-AC6453B6BC5D}
		{19CCB47A-C0E5-4F88-8500-DFCBA1C3E7FC} = {F8AE075B-4524-444E-8FC4-5A86D7D6D409}
	EndGlobalSection
	GlobalSection(ExtensibilityGlobals) = postSolution
		SolutionGuid = {5F614352-AB6D-4109-ACBF-1371F1BC7CA8}
	EndGlobalSection
EndGlobal
